# THIS IS AN AUTOGENERATED FILE. DO NOT EDIT THIS FILE DIRECTLY.
# yarn lockfile v1


"@icetee/ftp@^0.3.15":
  version "0.3.15"
  resolved "https://registry.yarnpkg.com/@icetee/ftp/-/ftp-0.3.15.tgz#d32efd91ab7585f0a3b6cbed9ceffe2763b04ec6"
  integrity sha512-RxSa9VjcDWgWCYsaLdZItdCnJj7p4LxggaEk+Y3MP0dHKoxez8ioG07DVekVbZZqccsrL+oPB/N9AzVPxj4blg==
  dependencies:
    readable-stream "1.1.x"
    xregexp "2.0.0"

abbrev@1:
  version "1.1.1"
  resolved "https://registry.yarnpkg.com/abbrev/-/abbrev-1.1.1.tgz#f8f2c887ad10bf67f634f005b6987fed3179aac8"
  integrity sha512-nne9/IiQ/hzIhY6pdDnbBtz7DjPTKrY00P/zvPSm5pOFkl6xuGrGnXn/VtTNNfNtAfZ9/1RtehkszU9qcTii0Q==

asn1@^0.2.4:
  version "0.2.6"
  resolved "https://registry.yarnpkg.com/asn1/-/asn1-0.2.6.tgz#0d3a7bb6e64e02a90c0303b31f292868ea09a08d"
  integrity sha512-ix/FxPn0MDjeyJ7i/yoHGFt/EX6LyNbxSEhPPXODPL+KB0VPk86UYfL0lMdy+KCnv+fmvIzySwaK5COwqVbWTQ==
  dependencies:
    safer-buffer "~2.1.0"

async@^1.5.1:
  version "1.5.2"
  resolved "https://registry.yarnpkg.com/async/-/async-1.5.2.tgz#ec6a61ae56480c0c3cb241c95618e20892f9672a"
  integrity sha512-nSVgobk4rv61R9PUSDtYt7mPVB2olxNR5RWJcAsH676/ef11bUZwvu7+RGYrYauVdDPcO519v68wRhXQtxsV9w==

balanced-match@^1.0.0:
  version "1.0.2"
  resolved "https://registry.yarnpkg.com/balanced-match/-/balanced-match-1.0.2.tgz#e83e3a7e3f300b34cb9d87f615fa0cbf357690ee"
  integrity sha512-3oSeUO0TMV67hN1AmbXsK4yaqU7tjiHlbxRDZOpH0KW9+CeX4bRAaX0Anxt0tx2MrpRpWwQaPwIlISEJhYU5Pw==

bcrypt-pbkdf@^1.0.2:
  version "1.0.2"
  resolved "https://registry.yarnpkg.com/bcrypt-pbkdf/-/bcrypt-pbkdf-1.0.2.tgz#a4301d389b6a43f9b67ff3ca11a3f6637e360e9e"
  integrity sha512-qeFIXtP4MSoi6NLqO12WfqARWWuCKi2Rn/9hJLEmtB5yTNr9DqFWkJRCf2qShWzPeAMRnOgCrq0sg/KLv5ES9w==
  dependencies:
    tweetnacl "^0.14.3"

bluebird@2.x:
  version "2.11.0"
  resolved "https://registry.yarnpkg.com/bluebird/-/bluebird-2.11.0.tgz#534b9033c022c9579c56ba3b3e5a5caafbb650e1"
  integrity sha512-UfFSr22dmHPQqPP9XWHRhq+gWnHCYguQGkXQlbyPtW5qTnhFWA8/iXg765tH0cAjy7l/zPJ1aBTO0g5XgA7kvQ==

bluebird@^3.7.2:
  version "3.7.2"
  resolved "https://registry.yarnpkg.com/bluebird/-/bluebird-3.7.2.tgz#9f229c15be272454ffa973ace0dbee79a1b0c36f"
  integrity sha512-XpNj6GDQzdfW+r2Wnn7xiSAd7TM3jzkxGXBGTtWKuSXv1xUV+azxAm8jdWZN06QTQk+2N2XB9jRDkvbmQmcRtg==

brace-expansion@^1.1.7:
  version "1.1.11"
  resolved "https://registry.yarnpkg.com/brace-expansion/-/brace-expansion-1.1.11.tgz#3c7fcbf529d87226f3d2f52b966ff5271eb441dd"
  integrity sha512-iCuPHDFgrHX7H2vEI/5xpz07zSHB00TpugqhmYtVmMO6518mCuRMoOYFldEBl0g187ufozdaHgWKcYFb61qGiA==
  dependencies:
    balanced-match "^1.0.0"
    concat-map "0.0.1"

brace-expansion@^2.0.1:
  version "2.0.1"
  resolved "https://registry.yarnpkg.com/brace-expansion/-/brace-expansion-2.0.1.tgz#1edc459e0f0c548486ecf9fc99f2221364b9a0ae"
  integrity sha512-XnAIvQ8eM+kC6aULx6wuQiwVsnzsi9d3WxzV3FpWTGA19F621kwdbsAcFKXgKUHZWsy+mY6iL1sHTxWEFCytDA==
  dependencies:
    balanced-match "^1.0.0"

buffer-from@^1.0.0:
  version "1.1.2"
  resolved "https://registry.yarnpkg.com/buffer-from/-/buffer-from-1.1.2.tgz#2b146a6fd72e80b4f55d255f35ed59a3a9a41bd5"
  integrity sha512-E+XQCRwSbaaiChtv6k6Dwgc+bx+Bs6vuKJHHl5kox/BaKbhiXzqQOwK4cO22yElGp2OCmjwVhT3HmxgyPGnJfQ==

buildcheck@0.0.3:
  version "0.0.3"
  resolved "https://registry.yarnpkg.com/buildcheck/-/buildcheck-0.0.3.tgz#70451897a95d80f7807e68fc412eb2e7e35ff4d5"
  integrity sha512-pziaA+p/wdVImfcbsZLNF32EiWyujlQLwolMqUQE8xpKNOH7KmZQaY8sXN7DGOEzPAElo9QTaeNRfGnf3iOJbA==

commander@^2.9.0:
  version "2.20.3"
  resolved "https://registry.yarnpkg.com/commander/-/commander-2.20.3.tgz#fd485e84c03eb4881c20722ba48035e8531aeb33"
  integrity sha512-GpVkmM8vF2vQUkj2LvZmD35JxeJOLCwJ9cUkugyk2nuhbv3+mJvpLYYt+0+USMxE+oj+ey/lJEnhZw75x/OMcQ==

concat-map@0.0.1:
  version "0.0.1"
  resolved "https://registry.yarnpkg.com/concat-map/-/concat-map-0.0.1.tgz#d8a96bd77fd68df7793a73036a3ba0d5405d477b"
  integrity sha512-/Srv4dswyQNBfohGpz9o6Yb3Gz3SrUDqBH5rTuhGR7ahtlbYKnVxw2bCFMRljaA7EXHaXZ8wsHdodFvbkhKmqg==

concat-stream@^2.0.0:
  version "2.0.0"
  resolved "https://registry.yarnpkg.com/concat-stream/-/concat-stream-2.0.0.tgz#414cf5af790a48c60ab9be4527d56d5e41133cb1"
  integrity sha512-MWufYdFw53ccGjCA+Ol7XJYpAlW6/prSMzuPOTRnJGcGzuhLn4Scrz7qf6o8bROZ514ltazcIFJZevcfbo0x7A==
  dependencies:
    buffer-from "^1.0.0"
    inherits "^2.0.3"
    readable-stream "^3.0.2"
    typedarray "^0.0.6"

core-util-is@~1.0.0:
  version "1.0.3"
  resolved "https://registry.yarnpkg.com/core-util-is/-/core-util-is-1.0.3.tgz#a6042d3634c2b27e9328f837b965fac83808db85"
  integrity sha512-ZQBvi1DcpJ4GDqanjucZ2Hj3wEO5pZDS89BWbkcrvdxksJorwUDDZamX9ldFkp9aw2lmBDLgkObEA4DWNJ9FYQ==

cpu-features@~0.0.4:
  version "0.0.4"
  resolved "https://registry.yarnpkg.com/cpu-features/-/cpu-features-0.0.4.tgz#0023475bb4f4c525869c162e4108099e35bf19d8"
  integrity sha512-fKiZ/zp1mUwQbnzb9IghXtHtDoTMtNeb8oYGx6kX2SYfhnG0HNdBEBIzB9b5KlXu5DQPhfy3mInbBxFcgwAr3A==
  dependencies:
    buildcheck "0.0.3"
    nan "^2.15.0"

debug@^2.2.0:
  version "2.6.9"
  resolved "https://registry.yarnpkg.com/debug/-/debug-2.6.9.tgz#5d128515df134ff327e90a4c93f4e077a536341f"
  integrity sha512-bC7ElrdJaJnPbAP+1EotYvqZsb3ecl5wi6Bfi6BJTUcNowp6cvspg0jXznRTKDjm/E7AdgFBVeAPVMNcKGsHMA==
  dependencies:
    ms "2.0.0"

duplexer@~0.1.1:
  version "0.1.2"
  resolved "https://registry.yarnpkg.com/duplexer/-/duplexer-0.1.2.tgz#3abe43aef3835f8ae077d136ddce0f276b0400e6"
  integrity sha512-jtD6YG370ZCIi/9GTaJKQxWTZD045+4R4hTk/x1UyoqadyJ9x9CgSi1RlVDQF8U2sxLLSnFkCaMihqljHIWgMg==

err-code@^2.0.2:
  version "2.0.3"
  resolved "https://registry.yarnpkg.com/err-code/-/err-code-2.0.3.tgz#23c2f3b756ffdfc608d30e27c9a941024807e7f9"
  integrity sha512-2bmlRpNKBxT/CRmPOlyISQpNj+qSeYvcym/uT0Jx2bMOlKLtSy1ZmLuVxSEKKyor/N5yhvp/ZiG1oE3DEYMSFA==

ftp-deploy@^2.4.3:
  version "2.4.3"
  resolved "https://registry.yarnpkg.com/ftp-deploy/-/ftp-deploy-2.4.3.tgz#35282429261c967d48b1333c0e143ed28144e691"
  integrity sha512-YDO61ElPnzp1wGQN8CR0Kg2bdslmoFC7YSz5fKe/u0ug9d3+eSmJcovwfQ3ypObc8DwkeUiNTCTmZGQdid6XgA==
  dependencies:
    bluebird "^3.7.2"
    minimatch "5.0.1"
    promise-ftp "^1.3.5"
    read "^1.0.7"
    ssh2-sftp-client "^7.2.1"
    upath "^2.0.1"

ftp-response-parser@^1.0.1:
  version "1.0.1"
  resolved "https://registry.yarnpkg.com/ftp-response-parser/-/ftp-response-parser-1.0.1.tgz#3b9d33f8edd5fb8e4700b8f778c462e5b1581f89"
  integrity sha512-++Ahlo2hs/IC7UVQzjcSAfeUpCwTTzs4uvG5XfGnsinIFkWUYF4xWwPd5qZuK8MJrmUIxFMuHcfqaosCDjvIWw==
  dependencies:
    readable-stream "^1.0.31"

ftpsync@^0.2.0:
  version "0.2.0"
  resolved "https://registry.yarnpkg.com/ftpsync/-/ftpsync-0.2.0.tgz#0d36ca984b2b414909a6da6e6f9d34a295f6b943"
  integrity sha512-3JceZqvGB6UnKx6R/qrfci1ItApON/Drtc6wbDLd/q4vk6lzRkto+owKFsq4YW5HzDHYAYV8E/4Cm2qx1hT0qQ==
  dependencies:
    async "^1.5.1"
    commander "^2.9.0"
    jsftp "1.5.5"
    minimatch "^3.0.0"
    touch "^1.0.0"

inherits@^2.0.3, inherits@~2.0.1:
  version "2.0.4"
  resolved "https://registry.yarnpkg.com/inherits/-/inherits-2.0.4.tgz#0fa2c64f932917c3433a0ded55363aae37416b7c"
  integrity sha512-k/vGaX4/Yla3WzyMCvTQOXYeIHvqOKtnqBduzTHpzpQZzAskKMhZ2K+EnBiSM9zGSoIFeMpXKxa4dYeZIQqewQ==

isarray@0.0.1:
  version "0.0.1"
  resolved "https://registry.yarnpkg.com/isarray/-/isarray-0.0.1.tgz#8a18acfca9a8f4177e09abfc6038939b05d1eedf"
  integrity sha512-D2S+3GLxWH+uhrNEcoh/fnmYeP8E8/zHl644d/jdA0g2uyXvy3sb0qxotE+ne0LtccHknQzWwZEzhak7oJ0COQ==

jsftp@1.5.5:
  version "1.5.5"
  resolved "https://registry.yarnpkg.com/jsftp/-/jsftp-1.5.5.tgz#3d034569a58221c8ffc67d088688f59d2e995cee"
  integrity sha512-oWPXVJy4uoBn4m0ucIix5YOS+YjRjJYh7Bf3eRx2TEdKmChaaBvjHwIsrvkOA4r09nAUNF4QJbNMCzxNSWmEMw==
  dependencies:
    debug "^2.2.0"
    ftp-response-parser "^1.0.1"
    once "^1.3.3"
    parse-listing "^1.1.3"
    stream-combiner "^0.2.2"
    unorm "^1.4.1"

minimatch@5.0.1:
  version "5.0.1"
  resolved "https://registry.yarnpkg.com/minimatch/-/minimatch-5.0.1.tgz#fb9022f7528125187c92bd9e9b6366be1cf3415b"
  integrity sha512-nLDxIFRyhDblz3qMuq+SoRZED4+miJ/G+tdDrjkkkRnjAsBexeGpgjLEQ0blJy7rHhR2b93rhQY4SvyWu9v03g==
  dependencies:
    brace-expansion "^2.0.1"

minimatch@^3.0.0:
  version "3.1.2"
  resolved "https://registry.yarnpkg.com/minimatch/-/minimatch-3.1.2.tgz#19cd194bfd3e428f049a70817c038d89ab4be35b"
  integrity sha512-J7p63hRiAjw1NDEww1W7i37+ByIrOWO5XQQAzZ3VOcL0PNybwpfmV/N05zFAzwQ9USyEcX6t3UO+K5aqBQOIHw==
  dependencies:
    brace-expansion "^1.1.7"

ms@2.0.0:
  version "2.0.0"
  resolved "https://registry.yarnpkg.com/ms/-/ms-2.0.0.tgz#5608aeadfc00be6c2901df5f9861788de0d597c8"
  integrity sha512-Tpp60P6IUJDTuOq/5Z8cdskzJujfwqfOTkrwIwj7IRISpnkJnT6SyJ4PCPnGMoFjC9ddhal5KVIYtAt97ix05A==

mute-stream@~0.0.4:
  version "0.0.8"
  resolved "https://registry.yarnpkg.com/mute-stream/-/mute-stream-0.0.8.tgz#1630c42b2251ff81e2a283de96a5497ea92e5e0d"
  integrity sha512-nnbWWOkoWyUsTjKrhgD0dcz22mdkSnpYqbEjIm2nhwhuxlSkpywJmBo8h0ZqJdkp73mb90SssHkN4rsRaBAfAA==

nan@^2.15.0, nan@^2.16.0:
  version "2.17.0"
  resolved "https://registry.yarnpkg.com/nan/-/nan-2.17.0.tgz#c0150a2368a182f033e9aa5195ec76ea41a199cb"
  integrity sha512-2ZTgtl0nJsO0KQCjEpxcIr5D+Yv90plTitZt9JBfQvVJDS5seMl3FOvsh3+9CoYWXf/1l5OaZzzF6nDm4cagaQ==

nopt@~1.0.10:
  version "1.0.10"
  resolved "https://registry.yarnpkg.com/nopt/-/nopt-1.0.10.tgz#6ddd21bd2a31417b92727dd585f8a6f37608ebee"
  integrity sha512-NWmpvLSqUrgrAC9HCuxEvb+PSloHpqVu+FqcO4eeF2h5qYRhA7ev6KvelyQAKtegUbC6RypJnlEOhd8vloNKYg==
  dependencies:
    abbrev "1"

once@^1.3.3:
  version "1.4.0"
  resolved "https://registry.yarnpkg.com/once/-/once-1.4.0.tgz#583b1aa775961d4b113ac17d9c50baef9dd76bd1"
  integrity sha512-lNaJgI+2Q5URQBkccEKHTQOPaXdUxnZZElQTZY0MFUAuaEqe1E+Nyvgdz/aIyNi6Z9MzO5dv1H8n58/GELp3+w==
  dependencies:
    wrappy "1"

parse-listing@^1.1.3:
  version "1.1.3"
  resolved "https://registry.yarnpkg.com/parse-listing/-/parse-listing-1.1.3.tgz#aa546f57fdc129cfbf9945cd4b757b14b06182dd"
  integrity sha512-a1p1i+9Qyc8pJNwdrSvW1g5TPxRH0sywVi6OzVvYHRo6xwF9bDWBxtH0KkxeOOvhUE8vAMtiSfsYQFOuK901eA==

promise-ftp-common@^1.1.5:
  version "1.1.5"
  resolved "https://registry.yarnpkg.com/promise-ftp-common/-/promise-ftp-common-1.1.5.tgz#b4f8082a74035647703506763edb14230d9865da"
  integrity sha512-a84F/zM2Z0Ry/ht3nXfV6Ze7BISOQlWrct/YObrluJn8qy2LVeeQ+IJ7jD4bkmM0N2xfXYy5nurz4L1KEj+rJg==

promise-ftp@^1.3.5:
  version "1.3.5"
  resolved "https://registry.yarnpkg.com/promise-ftp/-/promise-ftp-1.3.5.tgz#ecfa4a5e5b779a6bfdd4dd3096957b58286f5104"
  integrity sha512-v368jPSqzmjjKDIyggulC+dRFcpAOEX7aFdEWkFYQp8Ao3P2N4Y6XnFFdKgK7PtkylwvGQkZR/65HZuzmq0V7A==
  dependencies:
    "@icetee/ftp" "^0.3.15"
    bluebird "2.x"
    promise-ftp-common "^1.1.5"

promise-retry@^2.0.1:
  version "2.0.1"
  resolved "https://registry.yarnpkg.com/promise-retry/-/promise-retry-2.0.1.tgz#ff747a13620ab57ba688f5fc67855410c370da22"
  integrity sha512-y+WKFlBR8BGXnsNlIHFGPZmyDf3DFMoLhaflAnyZgV6rG6xu+JwesTo2Q9R6XwYmtmwAFCkAk3e35jEdoeh/3g==
  dependencies:
    err-code "^2.0.2"
    retry "^0.12.0"

read@^1.0.7:
  version "1.0.7"
  resolved "https://registry.yarnpkg.com/read/-/read-1.0.7.tgz#b3da19bd052431a97671d44a42634adf710b40c4"
  integrity sha512-rSOKNYUmaxy0om1BNjMN4ezNT6VKK+2xF4GBhc81mkH7L60i6dp8qPYrkndNLT3QPphoII3maL9PVC9XmhHwVQ==
  dependencies:
    mute-stream "~0.0.4"

readable-stream@1.1.x, readable-stream@^1.0.31:
  version "1.1.14"
  resolved "https://registry.yarnpkg.com/readable-stream/-/readable-stream-1.1.14.tgz#7cf4c54ef648e3813084c636dd2079e166c081d9"
  integrity sha512-+MeVjFf4L44XUkhM1eYbD8fyEsxcV81pqMSR5gblfcLCHfZvbrqy4/qYHE+/R5HoBUT11WV5O08Cr1n3YXkWVQ==
  dependencies:
    core-util-is "~1.0.0"
    inherits "~2.0.1"
    isarray "0.0.1"
    string_decoder "~0.10.x"

readable-stream@^3.0.2:
  version "3.6.0"
  resolved "https://registry.yarnpkg.com/readable-stream/-/readable-stream-3.6.0.tgz#337bbda3adc0706bd3e024426a286d4b4b2c9198"
  integrity sha512-BViHy7LKeTz4oNnkcLJ+lVSL6vpiFeX6/d3oSH8zCW7UxP2onchk+vTGB143xuFjHS3deTgkKoXXymXqymiIdA==
  dependencies:
    inherits "^2.0.3"
    string_decoder "^1.1.1"
    util-deprecate "^1.0.1"

retry@^0.12.0:
  version "0.12.0"
  resolved "https://registry.yarnpkg.com/retry/-/retry-0.12.0.tgz#1b42a6266a21f07421d1b0b54b7dc167b01c013b"
  integrity sha512-9LkiTwjUh6rT555DtE9rTX+BKByPfrMzEAtnlEtdEwr3Nkffwiihqe2bWADg+OQRjt9gl6ICdmB/ZFDCGAtSow==

safe-buffer@~5.2.0:
  version "5.2.1"
  resolved "https://registry.yarnpkg.com/safe-buffer/-/safe-buffer-5.2.1.tgz#1eaf9fa9bdb1fdd4ec75f58f9cdb4e6b7827eec6"
  integrity sha512-rp3So07KcdmmKbGvgaNxQSJr7bGVSVk5S9Eq1F+ppbRo70+YeaDxkw5Dd8NPN+GD6bjnYm2VuPuCXmpuYvmCXQ==

safer-buffer@~2.1.0:
  version "2.1.2"
  resolved "https://registry.yarnpkg.com/safer-buffer/-/safer-buffer-2.1.2.tgz#44fa161b0187b9549dd84bb91802f9bd8385cd6a"
  integrity sha512-YZo3K82SD7Riyi0E1EQPojLz7kpepnSQI9IyPbHHg1XXXevb5dJI7tpyN2ADxGcQbHG7vcyRHk0cbwqcQriUtg==

ssh2-sftp-client@^7.2.1:
  version "7.2.3"
  resolved "https://registry.yarnpkg.com/ssh2-sftp-client/-/ssh2-sftp-client-7.2.3.tgz#b6533cb1202bb547dc3cfb53afb61ae60bde976a"
  integrity sha512-Bmq4Uewu3e0XOwu5bnPbiS5KRQYv+dff5H6+85V4GZrPrt0Fkt1nUH+uXanyAkoNxUpzjnAPEEoLdOaBO9c3xw==
  dependencies:
    concat-stream "^2.0.0"
    promise-retry "^2.0.1"
    ssh2 "^1.8.0"

ssh2@^1.8.0:
  version "1.11.0"
  resolved "https://registry.yarnpkg.com/ssh2/-/ssh2-1.11.0.tgz#ce60186216971e12f6deb553dcf82322498fe2e4"
  integrity sha512-nfg0wZWGSsfUe/IBJkXVll3PEZ//YH2guww+mP88gTpuSU4FtZN7zu9JoeTGOyCNx2dTDtT9fOpWwlzyj4uOOw==
  dependencies:
    asn1 "^0.2.4"
    bcrypt-pbkdf "^1.0.2"
  optionalDependencies:
    cpu-features "~0.0.4"
    nan "^2.16.0"

stream-combiner@^0.2.2:
  version "0.2.2"
  resolved "https://registry.yarnpkg.com/stream-combiner/-/stream-combiner-0.2.2.tgz#aec8cbac177b56b6f4fa479ced8c1912cee52858"
  integrity sha512-6yHMqgLYDzQDcAkL+tjJDC5nSNuNIx0vZtRZeiPh7Saef7VHX9H5Ijn9l2VIol2zaNYlYEX6KyuT/237A58qEQ==
  dependencies:
    duplexer "~0.1.1"
    through "~2.3.4"

string_decoder@^1.1.1:
  version "1.3.0"
  resolved "https://registry.yarnpkg.com/string_decoder/-/string_decoder-1.3.0.tgz#42f114594a46cf1a8e30b0a84f56c78c3edac21e"
  integrity sha512-hkRX8U1WjJFd8LsDJ2yQ/wWWxaopEsABU1XfkM8A+j0+85JAGppt16cr1Whg6KIbb4okU6Mql6BOj+uup/wKeA==
  dependencies:
    safe-buffer "~5.2.0"

string_decoder@~0.10.x:
  version "0.10.31"
  resolved "https://registry.yarnpkg.com/string_decoder/-/string_decoder-0.10.31.tgz#62e203bc41766c6c28c9fc84301dab1c5310fa94"
  integrity sha512-ev2QzSzWPYmy9GuqfIVildA4OdcGLeFZQrq5ys6RtiuF+RQQiZWr8TZNyAcuVXyQRYfEO+MsoB/1BuQVhOJuoQ==

through@~2.3.4:
  version "2.3.8"
  resolved "https://registry.yarnpkg.com/through/-/through-2.3.8.tgz#0dd4c9ffaabc357960b1b724115d7e0e86a2e1f5"
  integrity sha512-w89qg7PI8wAdvX60bMDP+bFoD5Dvhm9oLheFp5O4a2QF0cSBGsBX4qZmadPMvVqlLJBBci+WqGGOAPvcDeNSVg==

touch@^1.0.0:
  version "1.0.0"
  resolved "https://registry.yarnpkg.com/touch/-/touch-1.0.0.tgz#449cbe2dbae5a8c8038e30d71fa0ff464947c4de"
  integrity sha512-7PLLVW4cfMVYXtMgX0ynJvyZDiupF2rzGzzf0yATTzgCgNK98DHjRSTm5zU1bFUtRjFdXNrEynn9+vhflVpC0A==
  dependencies:
    nopt "~1.0.10"

tweetnacl@^0.14.3:
  version "0.14.5"
  resolved "https://registry.yarnpkg.com/tweetnacl/-/tweetnacl-0.14.5.tgz#5ae68177f192d4456269d108afa93ff8743f4f64"
  integrity sha512-KXXFFdAbFXY4geFIwoyNK+f5Z1b7swfXABfL7HXCmoIWMKU3dmS26672A4EeQtDzLKy7SXmfBu51JolvEKwtGA==

typedarray@^0.0.6:
  version "0.0.6"
  resolved "https://registry.yarnpkg.com/typedarray/-/typedarray-0.0.6.tgz#867ac74e3864187b1d3d47d996a78ec5c8830777"
  integrity sha512-/aCDEGatGvZ2BIk+HmLf4ifCJFwvKFNb9/JeZPMulfgFracn9QFcAf5GO8B/mweUjSoblS5In0cWhqpfs/5PQA==

unorm@^1.4.1:
  version "1.6.0"
  resolved "https://registry.yarnpkg.com/unorm/-/unorm-1.6.0.tgz#029b289661fba714f1a9af439eb51d9b16c205af"
  integrity sha512-b2/KCUlYZUeA7JFUuRJZPUtr4gZvBh7tavtv4fvk4+KV9pfGiR6CQAQAWl49ZpR3ts2dk4FYkP7EIgDJoiOLDA==

upath@^2.0.1:
  version "2.0.1"
  resolved "https://registry.yarnpkg.com/upath/-/upath-2.0.1.tgz#50c73dea68d6f6b990f51d279ce6081665d61a8b"
  integrity sha512-1uEe95xksV1O0CYKXo8vQvN1JEbtJp7lb7C5U9HMsIp6IVwntkH/oNUzyVNQSd4S1sYk2FpSSW44FqMc8qee5w==

util-deprecate@^1.0.1:
  version "1.0.2"
  resolved "https://registry.yarnpkg.com/util-deprecate/-/util-deprecate-1.0.2.tgz#450d4dc9fa70de732762fbd2d4a28981419a0ccf"
  integrity sha512-EPD5q1uXyFxJpCrLnCc1nHnq3gOa6DZBocAIiI2TaSCA7VCJ1UJDMagCzIkXNsUYfD1daK//LTEQ8xiIbrHtcw==

wrappy@1:
  version "1.0.2"
  resolved "https://registry.yarnpkg.com/wrappy/-/wrappy-1.0.2.tgz#b5243d8f3ec1aa35f1364605bc0d1036e30ab69f"
  integrity sha512-l4Sp/DRseor9wL6EvV2+TuQn63dMkPjZ/sp9XkghTEbV9KlPS1xUsZ3u7/IQO4wxtcFB4bgpQPRcR3QCvezPcQ==

xregexp@2.0.0:
  version "2.0.0"
  resolved "https://registry.yarnpkg.com/xregexp/-/xregexp-2.0.0.tgz#52a63e56ca0b84a7f3a5f3d61872f126ad7a5943"
  integrity sha512-xl/50/Cf32VsGq/1R8jJE5ajH1yMCQkpmoS10QbFZWl2Oor4H0Me64Pu2yxvsRWK3m6soJbmGfzSR7BYmDcWAA==
